{
  "object": {
    "pins": [
      {
        "package": "AnyFormatKit",
        "repositoryURL": "https://github.com/luximetr/AnyFormatKit",
        "state": {
          "branch": null,
          "revision": "ae3a965164005b07f81d6aa066520d7ad14ea54e",
          "version": "2.5.2"
        }
      }
    ]
  },
  "version": 1
}
