{
  "object": {
    "pins": [
      {
        "package": "AnyFormatKit",
        "repositoryURL": "https://github.com/luximetr/AnyFormatKit",
        "state": {
          "branch": null,
          "revision": "57a504266a54abf4b99e9c8f34b1f546894f93b7",
          "version": "2.5.0"
        }
      }
    ]
  },
  "version": 1
}
