PODS:
  - AnyFormatKit (2.5.2)
  - AnyFormatKitSwiftUI (0.5.0):
    - AnyFormatKit (~> 2.5.2)

DEPENDENCIES:
  - AnyFormatKitSwiftUI (from `../../`)

SPEC REPOS:
  trunk:
    - AnyFormatKit

EXTERNAL SOURCES:
  AnyFormatKitSwiftUI:
    :path: "../../"

SPEC CHECKSUMS:
  AnyFormatKit: b0dbb2a5f2fe7a0fc97f401f8a219a47ee63a335
  AnyFormatKitSwiftUI: 8a2bf917062de478270112f3cd4805349efbd25c

PODFILE CHECKSUM: a05453334068cdb33cc16ef7c4e453572c0c89ac

COCOAPODS: 1.10.1
