{
  "object": {
    "pins": [
      {
        "package": "AnyFormatKitSwiftUI",
        "repositoryURL": "https://github.com/luximetr/AnyFormatKitSwiftUI",
        "state": {
          "branch": "develop",
          "revision": "569ad1058b01d24bffe3166aa67e36c48bafeb3a",
          "version": null
        }
      }
    ]
  },
  "version": 1
}
