{
  "object": {
    "pins": [
      {
        "package": "AnyFormatKit",
        "repositoryURL": "https://github.com/luximetr/AnyFormatKit",
        "state": {
          "branch": null,
          "revision": "57a504266a54abf4b99e9c8f34b1f546894f93b7",
          "version": "2.5.0"
        }
      },
      {
        "package": "AnyFormatKitSwiftUI",
        "repositoryURL": "https://github.com/luximetr/AnyFormatKitSwiftUI",
        "state": {
          "branch": null,
          "revision": "409c6fc6de5b88a3f199f13123189d2b719cf2bb",
          "version": "0.5.2"
        }
      }
    ]
  },
  "version": 1
}
