{
  "object": {
    "pins": [
      {
        "package": "AnyFormatKit",
        "repositoryURL": "https://github.com/luximetr/AnyFormatKit",
        "state": {
          "branch": null,
          "revision": "ff13418ca601ce6947161daade2ca58df5542499",
          "version": "2.4.0"
        }
      },
      {
        "package": "AnyFormatKitSwiftUI",
        "repositoryURL": "https://github.com/luximetr/AnyFormatKitSwiftUI",
        "state": {
          "branch": null,
          "revision": "61735a0114f4aedd4114f1410205b75053afa861",
          "version": "0.3.0"
        }
      }
    ]
  },
  "version": 1
}
