{
  "object": {
    "pins": [
      {
        "package": "AnyFormatKit",
        "repositoryURL": "https://github.com/luximetr/AnyFormatKit",
        "state": {
          "branch": null,
          "revision": "ff13418ca601ce6947161daade2ca58df5542499",
          "version": "2.4.0"
        }
      },
      {
        "package": "AnyFormatKitSwiftUI",
        "repositoryURL": "https://github.com/luximetr/AnyFormatKitSwiftUI",
        "state": {
          "branch": null,
          "revision": "c38d538080138877007462052d95c390514c5c4c",
          "version": "0.1.0"
        }
      }
    ]
  },
  "version": 1
}
