{
  "object": {
    "pins": [
      {
        "package": "AnyFormatKit",
        "repositoryURL": "https://github.com/luximetr/AnyFormatKit",
        "state": {
          "branch": null,
          "revision": "ff13418ca601ce6947161daade2ca58df5542499",
          "version": "2.4.0"
        }
      },
      {
        "package": "AnyFormatKitSwiftUI",
        "repositoryURL": "https://github.com/luximetr/AnyFormatKitSwiftUI",
        "state": {
          "branch": null,
          "revision": "a458fe099bc1b405066888ee658c574a43ae5882",
          "version": null
        }
      }
    ]
  },
  "version": 1
}
